<?xml version="1.0" encoding="utf-8"?>
<Project ToolsVersion="4.0" xmlns="http://schemas.microsoft.com/developer/msbuild/2003">
  <ItemGroup>
    <Filter Include="Source Files">
      <UniqueIdentifier>{4FC737F1-C7A5-4376-A066-2A32D752A2FF}</UniqueIdentifier>
      <Extensions>cpp;c;cc;cxx;def;odl;idl;hpj;bat;asm;asmx</Extensions>
    </Filter>
    <Filter Include="Header Files">
      <UniqueIdentifier>{93995380-89BD-4b04-88EB-625FBE52EBFB}</UniqueIdentifier>
      <Extensions>h;hh;hpp;hxx;hm;inl;inc;xsd</Extensions>
    </Filter>
    <Filter Include="Resource Files">
      <UniqueIdentifier>{67DA6AB6-F800-4c08-8B7A-83BB121AAD01}</UniqueIdentifier>
      <Extensions>rc;ico;cur;bmp;dlg;rc2;rct;bin;rgs;gif;jpg;jpeg;jpe;resx;tiff;tif;png;wav;mfcribbon-ms</Extensions>
    </Filter>
    <Filter Include="data.pak">
      <UniqueIdentifier>{31a35cca-4f1e-4343-9014-14e721101e6a}</UniqueIdentifier>
    </Filter>
    <Filter Include="data.pak\media">
      <UniqueIdentifier>{0dcd3130-3289-45a4-8acf-a59aae519cf9}</UniqueIdentifier>
    </Filter>
    <Filter Include="data.pak\media\css">
      <UniqueIdentifier>{64f83715-858d-4618-9fef-e73382fa9554}</UniqueIdentifier>
    </Filter>
    <Filter Include="data.pak\media\js">
      <UniqueIdentifier>{1182c3cd-5a21-43ea-839c-1b93a6c7efc5}</UniqueIdentifier>
    </Filter>
  </ItemGroup>
  <ItemGroup>
    <ClCompile Include="main.cpp">
      <Filter>Source Files</Filter>
    </ClCompile>
    <ClCompile Include="application_win.cpp">
      <Filter>Source Files</Filter>
    </ClCompile>
    <ClCompile Include="view_win.cpp">
      <Filter>Source Files</Filter>
    </ClCompile>
    <ClCompile Include="ax.cpp">
      <Filter>Source Files</Filter>
    </ClCompile>
  </ItemGroup>
  <ItemGroup>
    <ClInclude Include="application.h">
      <Filter>Header Files</Filter>
    </ClInclude>
    <ClInclude Include="view.h">
      <Filter>Header Files</Filter>
    </ClInclude>
    <ClInclude Include="resource.h">
      <Filter>Header Files</Filter>
    </ClInclude>
    <ClInclude Include="js_delegate.h">
      <Filter>Header Files</Filter>
    </ClInclude>
    <ClInclude Include="method_dispatcher.h">
      <Filter>Header Files</Filter>
    </ClInclude>
    <ClInclude Include="ax.h">
      <Filter>Header Files</Filter>
    </ClInclude>
  </ItemGroup>
  <ItemGroup>
    <ResourceCompile Include="Resource.rc">
      <Filter>Resource Files</Filter>
    </ResourceCompile>
  </ItemGroup>
  <ItemGroup>
    <None Include="..\..\Html\data.pak\studio.html">
      <Filter>data.pak</Filter>
    </None>
    <None Include="..\..\Html\data.pak\media\logo.png">
      <Filter>data.pak\media</Filter>
    </None>
    <None Include="..\..\Html\data.pak\media\css\style.css">
      <Filter>data.pak\media\css</Filter>
    </None>
    <None Include="..\..\Html\data.pak\media\js\studio.js">
      <Filter>data.pak\media\js</Filter>
    </None>
    <None Include="..\..\Resources\splash.bmp">
      <Filter>Resource Files</Filter>
    </None>
    <None Include="app_icon.ico">
      <Filter>Resource Files</Filter>
    </None>
    <None Include="notify.wav">
      <Filter>Resource Files</Filter>
    </None>
    <None Include="notifyicon.bmp">
      <Filter>Resource Files</Filter>
    </None>
    <None Include="splash.bmp">
      <Filter>Resource Files</Filter>
    </None>
  </ItemGroup>
</Project>